
Microsoft Visual Studio Solution File, Format Version 12.00
# Visual Studio Version 17
VisualStudioVersion = 17.9.34728.123
MinimumVisualStudioVersion = 10.0.40219.1
Project("{9A19103F-16F7-4668-BE54-9A1E7A4F7556}") = "NoScopeNotifier", "NoScopeNotifier.csproj", "{51BCAD31-AD4D-4E3A-8C60-8794FD9BE0EC}"
EndProject
Global
	GlobalSection(SolutionConfigurationPlatforms) = preSolution
		Debug|Any CPU = Debug|Any CPU
		Release|Any CPU = Release|Any CPU
	EndGlobalSection
	GlobalSection(ProjectConfigurationPlatforms) = postSolution
		{51BCAD31-AD4D-4E3A-8C60-8794FD9BE0EC}.Debug|Any CPU.ActiveCfg = Debug|Any CPU
		{51BCAD31-AD4D-4E3A-8C60-8794FD9BE0EC}.Debug|Any CPU.Build.0 = Debug|Any CPU
		{51BCAD31-AD4D-4E3A-8C60-8794FD9BE0EC}.Release|Any CPU.ActiveCfg = Release|Any CPU
		{51BCAD31-AD4D-4E3A-8C60-8794FD9BE0EC}.Release|Any CPU.Build.0 = Release|Any CPU
	EndGlobalSection
	GlobalSection(SolutionProperties) = preSolution
		HideSolutionNode = FALSE
	EndGlobalSection
	GlobalSection(ExtensibilityGlobals) = postSolution
		SolutionGuid = {6A42300F-64DA-47FC-A195-EB2C76C683EE}
	EndGlobalSection
EndGlobal
